
Microsoft Visual Studio Solution File, Format Version 12.00
# Visual Studio Version 17
VisualStudioVersion = 17.10.35013.160
MinimumVisualStudioVersion = 10.0.40219.1
Project("{FAE04EC0-301F-11D3-BF4B-00C04F79EFBC}") = "DioAgendamentoTarefasApi", "DioAgendamentoTarefasApi.csproj", "{795A9498-E293-43CD-846C-9EE61AB5575F}"
EndProject
Global
	GlobalSection(SolutionConfigurationPlatforms) = preSolution
		Debug|Any CPU = Debug|Any CPU
		Release|Any CPU = Release|Any CPU
	EndGlobalSection
	GlobalSection(ProjectConfigurationPlatforms) = postSolution
		{795A9498-E293-43CD-846C-9EE61AB5575F}.Debug|Any CPU.ActiveCfg = Debug|Any CPU
		{795A9498-E293-43CD-846C-9EE61AB5575F}.Debug|Any CPU.Build.0 = Debug|Any CPU
		{795A9498-E293-43CD-846C-9EE61AB5575F}.Release|Any CPU.ActiveCfg = Release|Any CPU
		{795A9498-E293-43CD-846C-9EE61AB5575F}.Release|Any CPU.Build.0 = Release|Any CPU
	EndGlobalSection
	GlobalSection(SolutionProperties) = preSolution
		HideSolutionNode = FALSE
	EndGlobalSection
	GlobalSection(ExtensibilityGlobals) = postSolution
		SolutionGuid = {A66E2AB0-98E6-4DC8-9352-F7CC3D2A0D7D}
	EndGlobalSection
EndGlobal
